{
  "originHash" : "51b52d20fc2f0610e807f1a171f10481c3948a2617ae085319c25e6166ebc27a",
  "pins" : [
    {
      "identity" : "alamofire",
      "kind" : "remoteSourceControl",
      "location" : "https://github.com/Alamofire/Alamofire.git",
      "state" : {
        "revision" : "e16d3481f5ed35f0472cb93350085853d754913f",
        "version" : "5.10.1"
      }
    },
    {
      "identity" : "interop-ios-for-google-sdks",
      "kind" : "remoteSourceControl",
      "location" : "https://github.com/google/interop-ios-for-google-sdks.git",
      "state" : {
        "revision" : "2d12673670417654f08f5f90fdd62926dc3a2648",
        "version" : "100.0.0"
      }
    },
    {
      "identity" : "lottie-ios",
      "kind" : "remoteSourceControl",
      "location" : "https://github.com/airbnb/lottie-ios.git",
      "state" : {
        "revision" : "fe4c6fe3a0aa66cdeb51d549623c82ca9704b9a5",
        "version" : "4.5.0"
      }
    },
    {
      "identity" : "recaptcha-enterprise-mobile-sdk",
      "kind" : "remoteSourceControl",
      "location" : "https://github.com/GoogleCloudPlatform/recaptcha-enterprise-mobile-sdk",
      "state" : {
        "revision" : "e1890d87d0aa0780baa38f46bf09db3630bd0beb",
        "version" : "18.6.0"
      }
    },
    {
      "identity" : "swiftemailvalidator",
      "kind" : "remoteSourceControl",
      "location" : "https://github.com/ekscrypto/SwiftEmailValidator.git",
      "state" : {
        "revision" : "521eaed505350164ae5a3ad80457fa8639d0c3a6",
        "version" : "1.0.4"
      }
    },
    {
      "identity" : "swiftpublicsuffixlist",
      "kind" : "remoteSourceControl",
      "location" : "https://github.com/ekscrypto/SwiftPublicSuffixList.git",
      "state" : {
        "revision" : "e59868f29739bb82e5f0db5fcb494e834802403b",
        "version" : "1.1.6"
      }
    }
  ],
  "version" : 3
}
